{
    "_meta": {
        "hash": {
            "sha256": "cc52abeb6611ae4c63fb37cb287ec44cfff0887daf160af5e8db73eb4a7db805"
        },
        "pipfile-spec": 6,
        "requires": {
            "python_version": "3.12"
        },
        "sources": [
            {
                "name": "pypi",
                "url": "https://pypi.org/simple",
                "verify_ssl": true
            }
        ]
    },
    "default": {
        "gitdb": {
            "hashes": [
                "sha256:81a3407ddd2ee8df444cbacea00e2d038e40150acfa3001696fe0dcf1d3adfa4",
                "sha256:bf5421126136d6d0af55bc1e7c1af1c397a34f5b7bd79e776cd3e89785c2b04b"
            ],
            "markers": "python_version >= '3.7'",
            "version": "==4.0.11"
        },
        "gitpython": {
            "hashes": [
                "sha256:1bf9cd7c9e7255f77778ea54359e54ac22a72a5b51288c457c881057b7bb9ecd",
                "sha256:2d99869e0fef71a73cbd242528105af1d6c1b108c60dfabd994bf292f76c3ceb"
            ],
            "index": "pypi",
            "markers": "python_version >= '3.7'",
            "version": "==3.1.42"
        },
        "loguru": {
            "hashes": [
                "sha256:003d71e3d3ed35f0f8984898359d65b79e5b21943f78af86aa5491210429b8eb",
                "sha256:e671a53522515f34fd406340ee968cb9ecafbc4b36c679da03c18fd8d0bd51ac"
            ],
            "index": "pypi",
            "markers": "python_version >= '3.5'",
            "version": "==0.7.2"
        },
        "smmap": {
            "hashes": [
                "sha256:dceeb6c0028fdb6734471eb07c0cd2aae706ccaecab45965ee83f11c8d3b1f62",
                "sha256:e6d8668fa5f93e706934a62d7b4db19c8d9eb8cf2adbb75ef1b675aa332b69da"
            ],
            "markers": "python_version >= '3.7'",
            "version": "==5.0.1"
        }
    },
    "develop": {}
}
